{
  "name": "pivottable",
  "lockfileVersion": 3,
  "requires": true,
  "packages": {
    "": {
      "dependencies": {
        "pivottable": "^2.23.0"
      }
    },
    "node_modules/jquery": {
      "version": "3.7.1",
      "resolved": "https://registry.npmjs.org/jquery/-/jquery-3.7.1.tgz",
      "integrity": "sha512-m4avr8yL8kmFN8psrbFFFmB/If14iN5o9nw/NgnnM+kybDJpRsAynV2BsfpTYrTRysYUdADVD7CkUUizgkpLfg=="
    },
    "node_modules/pivottable": {
      "version": "2.23.0",
      "resolved": "https://registry.npmjs.org/pivottable/-/pivottable-2.23.0.tgz",
      "integrity": "sha512-6WRaiiI0mU5JxzNMWbtf3vfrBvBhBPIUbwu2Q7Nv7fVCxIvlmFqXSldMwmHAsiEFwdZdUrpQHqIu+N3jZUezyg==",
      "dependencies": {
        "jquery": ">=1.9.0"
      }
    }
  }
}
